
Microsoft Visual Studio Solution File, Format Version 12.00
# Visual Studio Version 17
VisualStudioVersion = 17.10.35122.118
MinimumVisualStudioVersion = 10.0.40219.1
Project("{FAE04EC0-301F-11D3-BF4B-00C04F79EFBC}") = "ContactApp", "ContactApp\ContactApp.csproj", "{FE60B4B4-B53D-43F3-8C57-D9A789E72FDC}"
EndProject
Global
	GlobalSection(SolutionConfigurationPlatforms) = preSolution
		Debug|Any CPU = Debug|Any CPU
		Release|Any CPU = Release|Any CPU
	EndGlobalSection
	GlobalSection(ProjectConfigurationPlatforms) = postSolution
		{FE60B4B4-B53D-43F3-8C57-D9A789E72FDC}.Debug|Any CPU.ActiveCfg = Debug|Any CPU
		{FE60B4B4-B53D-43F3-8C57-D9A789E72FDC}.Debug|Any CPU.Build.0 = Debug|Any CPU
		{FE60B4B4-B53D-43F3-8C57-D9A789E72FDC}.Release|Any CPU.ActiveCfg = Release|Any CPU
		{FE60B4B4-B53D-43F3-8C57-D9A789E72FDC}.Release|Any CPU.Build.0 = Release|Any CPU
	EndGlobalSection
	GlobalSection(SolutionProperties) = preSolution
		HideSolutionNode = FALSE
	EndGlobalSection
	GlobalSection(ExtensibilityGlobals) = postSolution
		SolutionGuid = {C1022484-C1EB-4FDD-AC1D-F1D679B3DB18}
	EndGlobalSection
EndGlobal
